
Microsoft Visual Studio Solution File, Format Version 12.00
# Visual Studio Version 16
VisualStudioVersion = 16.0.30011.22
MinimumVisualStudioVersion = 10.0.40219.1
Project("{FAE04EC0-301F-11D3-BF4B-00C04F79EFBC}") = "CadAddin", "CadAddin\CadAddin.csproj", "{7417CCAA-CDD8-4160-A473-1FCCAECCF382}"
EndProject
Global
	GlobalSection(SolutionConfigurationPlatforms) = preSolution
		Debug|Any CPU = Debug|Any CPU
		Release|Any CPU = Release|Any CPU
	EndGlobalSection
	GlobalSection(ProjectConfigurationPlatforms) = postSolution
		{7417CCAA-CDD8-4160-A473-1FCCAECCF382}.Debug|Any CPU.ActiveCfg = Debug|Any CPU
		{7417CCAA-CDD8-4160-A473-1FCCAECCF382}.Debug|Any CPU.Build.0 = Debug|Any CPU
		{7417CCAA-CDD8-4160-A473-1FCCAECCF382}.Release|Any CPU.ActiveCfg = Release|Any CPU
		{7417CCAA-CDD8-4160-A473-1FCCAECCF382}.Release|Any CPU.Build.0 = Release|Any CPU
	EndGlobalSection
	GlobalSection(SolutionProperties) = preSolution
		HideSolutionNode = FALSE
	EndGlobalSection
	GlobalSection(ExtensibilityGlobals) = postSolution
		SolutionGuid = {CB3B2196-3D60-485D-B089-49588E612AA5}
	EndGlobalSection
EndGlobal
