
Microsoft Visual Studio Solution File, Format Version 12.00
# Visual Studio Version 16
VisualStudioVersion = 16.0.30011.22
MinimumVisualStudioVersion = 10.0.40219.1
Project("{FAE04EC0-301F-11D3-BF4B-00C04F79EFBC}") = "CadAddin", "CadAddin\CadAddin.csproj", "{7417CCAA-CDD8-4160-A473-1FCCAECCF382}"
EndProject
Project("{FAE04EC0-301F-11D3-BF4B-00C04F79EFBC}") = "CadServerClient", "..\..\..\Downloads\team-12-Ahmed-WCF_CadServer\CadServerClient\CadServerClient.csproj", "{EB270DD9-1541-4125-8B25-3A57E83656F9}"
EndProject
Project("{FAE04EC0-301F-11D3-BF4B-00C04F79EFBC}") = "CadServerHost", "..\..\..\Downloads\team-12-Ahmed-WCF_CadServer\CadServerHost\CadServerHost.csproj", "{D886BAD1-04C4-4FA6-A096-841E93A0E6B4}"
EndProject
Project("{FAE04EC0-301F-11D3-BF4B-00C04F79EFBC}") = "CadServerLib", "..\..\..\Downloads\team-12-Ahmed-WCF_CadServer\CadServerLib\CadServerLib.csproj", "{C2764D4C-8DB9-4EBE-8D7F-32F9B5F0DB51}"
EndProject
Global
	GlobalSection(SolutionConfigurationPlatforms) = preSolution
		Debug|Any CPU = Debug|Any CPU
		Release|Any CPU = Release|Any CPU
	EndGlobalSection
	GlobalSection(ProjectConfigurationPlatforms) = postSolution
		{7417CCAA-CDD8-4160-A473-1FCCAECCF382}.Debug|Any CPU.ActiveCfg = Debug|Any CPU
		{7417CCAA-CDD8-4160-A473-1FCCAECCF382}.Debug|Any CPU.Build.0 = Debug|Any CPU
		{7417CCAA-CDD8-4160-A473-1FCCAECCF382}.Release|Any CPU.ActiveCfg = Release|Any CPU
		{7417CCAA-CDD8-4160-A473-1FCCAECCF382}.Release|Any CPU.Build.0 = Release|Any CPU
		{EB270DD9-1541-4125-8B25-3A57E83656F9}.Debug|Any CPU.ActiveCfg = Debug|Any CPU
		{EB270DD9-1541-4125-8B25-3A57E83656F9}.Debug|Any CPU.Build.0 = Debug|Any CPU
		{EB270DD9-1541-4125-8B25-3A57E83656F9}.Release|Any CPU.ActiveCfg = Release|Any CPU
		{EB270DD9-1541-4125-8B25-3A57E83656F9}.Release|Any CPU.Build.0 = Release|Any CPU
		{D886BAD1-04C4-4FA6-A096-841E93A0E6B4}.Debug|Any CPU.ActiveCfg = Debug|Any CPU
		{D886BAD1-04C4-4FA6-A096-841E93A0E6B4}.Debug|Any CPU.Build.0 = Debug|Any CPU
		{D886BAD1-04C4-4FA6-A096-841E93A0E6B4}.Release|Any CPU.ActiveCfg = Release|Any CPU
		{D886BAD1-04C4-4FA6-A096-841E93A0E6B4}.Release|Any CPU.Build.0 = Release|Any CPU
		{C2764D4C-8DB9-4EBE-8D7F-32F9B5F0DB51}.Debug|Any CPU.ActiveCfg = Debug|Any CPU
		{C2764D4C-8DB9-4EBE-8D7F-32F9B5F0DB51}.Debug|Any CPU.Build.0 = Debug|Any CPU
		{C2764D4C-8DB9-4EBE-8D7F-32F9B5F0DB51}.Release|Any CPU.ActiveCfg = Release|Any CPU
		{C2764D4C-8DB9-4EBE-8D7F-32F9B5F0DB51}.Release|Any CPU.Build.0 = Release|Any CPU
	EndGlobalSection
	GlobalSection(SolutionProperties) = preSolution
		HideSolutionNode = FALSE
	EndGlobalSection
	GlobalSection(ExtensibilityGlobals) = postSolution
		SolutionGuid = {CB3B2196-3D60-485D-B089-49588E612AA5}
	EndGlobalSection
EndGlobal
